
Microsoft Visual Studio Solution File, Format Version 12.00
# Visual Studio 15
VisualStudioVersion = 15.0.27703.2000
MinimumVisualStudioVersion = 10.0.40219.1
Project("{2150E333-8FDC-42A3-9474-1A3956D46DE8}") = "src", "src", "{273F8198-E5A5-4EA7-B219-B67EF5FF29AF}"
EndProject
Project("{9A19103F-16F7-4668-BE54-9A1E7A4F7556}") = "SoftDentShop.Domain.Models", "src\SoftDentShop.Domain.Models\SoftDentShop.Domain.Models.csproj", "{0353E5F6-9249-4FE0-81A2-1042EAF727BA}"
EndProject
Project("{9A19103F-16F7-4668-BE54-9A1E7A4F7556}") = "SoftDentShop.Domain.Repository", "src\SoftDentShop.Domain.Repository\SoftDentShop.Domain.Repository.csproj", "{BD4A9448-B370-47B3-BD48-F9B3776BC4D4}"
EndProject
Project("{2150E333-8FDC-42A3-9474-1A3956D46DE8}") = "tests", "tests", "{B4C3AB75-32E5-4E2D-89BB-2D35526C21E5}"
EndProject
Project("{9A19103F-16F7-4668-BE54-9A1E7A4F7556}") = "SoftDentShop.Domain.Application", "src\SoftDentShop.Domain.Application\SoftDentShop.Domain.Application.csproj", "{DB8C0A8E-BE72-46D7-BEAC-FAA1D161C3D7}"
EndProject
Project("{9A19103F-16F7-4668-BE54-9A1E7A4F7556}") = "SoftDentShop.Infrastructure.Repository", "src\SoftDentShop.Infrastructure.Repository\SoftDentShop.Infrastructure.Repository.csproj", "{B1019A5A-C8F6-4C9A-8A1D-7B3080FA8DB5}"
EndProject
Project("{9A19103F-16F7-4668-BE54-9A1E7A4F7556}") = "SoftDentShop.Presentation.Web", "src\SoftDentShop.Presentation.Web\SoftDentShop.Presentation.Web.csproj", "{E4332B7C-7CD4-4F53-9B5B-6301EEC56ECC}"
EndProject
Project("{9A19103F-16F7-4668-BE54-9A1E7A4F7556}") = "SoftDentShop.Infrastructure.API", "src\SoftDentShop.Infrastructure.API\SoftDentShop.Infrastructure.API.csproj", "{722089B7-A8C1-43E5-B62F-EEA635DFA6C7}"
EndProject
Project("{9A19103F-16F7-4668-BE54-9A1E7A4F7556}") = "SoftDentShop.Infrastructure.Security", "src\SoftDentShop.Infrastructure.Security\SoftDentShop.Infrastructure.Security.csproj", "{5E9810E0-D5D9-4311-B5CB-C1850A9AB9FE}"
EndProject
Project("{9A19103F-16F7-4668-BE54-9A1E7A4F7556}") = "SoftDentShop.Infrastructure.API.Tests", "tests\SoftDentShop.Infrastructure.API.Tests\SoftDentShop.Infrastructure.API.Tests.csproj", "{3B6BF5AE-33D0-4B87-B886-527D93F543E2}"
EndProject
Project("{9A19103F-16F7-4668-BE54-9A1E7A4F7556}") = "SoftDentShop.Infrastructure.Security.Tests", "tests\SoftDentShop.Infrastructure.Security.Tests\SoftDentShop.Infrastructure.Security.Tests.csproj", "{66EE04CC-E4BB-4545-B1C6-0820F57FE53F}"
EndProject
Project("{2150E333-8FDC-42A3-9474-1A3956D46DE8}") = "UI", "UI", "{00FCFC0E-3E2E-4D39-B1A0-B07B0CA16F6B}"
EndProject
Project("{2150E333-8FDC-42A3-9474-1A3956D46DE8}") = "Back", "Back", "{393169D7-2625-45C6-BDEC-DA82DBD4648A}"
EndProject
Project("{9A19103F-16F7-4668-BE54-9A1E7A4F7556}") = "SoftDentShop.Presentation.Plain", "src\SoftDentShop.Presentation.Console\SoftDentShop.Presentation.Plain.csproj", "{616148AB-67F3-4C05-B3BB-BDFE70DB5E02}"
EndProject
Project("{9A19103F-16F7-4668-BE54-9A1E7A4F7556}") = "SoftDentShop.Domain.Application.StockMonitor", "src\SoftDentShop.Domain.Application.StocksMonitor\SoftDentShop.Domain.Application.StockMonitor.csproj", "{EDE0CE49-0E96-4778-A538-D74A9489B4BE}"
EndProject
Project("{9A19103F-16F7-4668-BE54-9A1E7A4F7556}") = "SoftDentShop.Domain.Application.StockMonitor.Tests", "tests\SoftDentShop.Domain.Application.StockMonitor.Tests\SoftDentShop.Domain.Application.StockMonitor.Tests.csproj", "{CBB25FB4-F2BD-409B-80E1-274098548507}"
EndProject
Project("{9A19103F-16F7-4668-BE54-9A1E7A4F7556}") = "SoftDentShop.Domain.Application.Tests", "tests\SoftDentShop.Domain.Application.Tests\SoftDentShop.Domain.Application.Tests.csproj", "{9A390D93-9B3E-407A-A18B-1EC037C96D44}"
EndProject
Global
	GlobalSection(SolutionConfigurationPlatforms) = preSolution
		Debug|Any CPU = Debug|Any CPU
		Release|Any CPU = Release|Any CPU
	EndGlobalSection
	GlobalSection(ProjectConfigurationPlatforms) = postSolution
		{0353E5F6-9249-4FE0-81A2-1042EAF727BA}.Debug|Any CPU.ActiveCfg = Debug|Any CPU
		{0353E5F6-9249-4FE0-81A2-1042EAF727BA}.Debug|Any CPU.Build.0 = Debug|Any CPU
		{0353E5F6-9249-4FE0-81A2-1042EAF727BA}.Release|Any CPU.ActiveCfg = Release|Any CPU
		{0353E5F6-9249-4FE0-81A2-1042EAF727BA}.Release|Any CPU.Build.0 = Release|Any CPU
		{BD4A9448-B370-47B3-BD48-F9B3776BC4D4}.Debug|Any CPU.ActiveCfg = Debug|Any CPU
		{BD4A9448-B370-47B3-BD48-F9B3776BC4D4}.Debug|Any CPU.Build.0 = Debug|Any CPU
		{BD4A9448-B370-47B3-BD48-F9B3776BC4D4}.Release|Any CPU.ActiveCfg = Release|Any CPU
		{BD4A9448-B370-47B3-BD48-F9B3776BC4D4}.Release|Any CPU.Build.0 = Release|Any CPU
		{DB8C0A8E-BE72-46D7-BEAC-FAA1D161C3D7}.Debug|Any CPU.ActiveCfg = Debug|Any CPU
		{DB8C0A8E-BE72-46D7-BEAC-FAA1D161C3D7}.Debug|Any CPU.Build.0 = Debug|Any CPU
		{DB8C0A8E-BE72-46D7-BEAC-FAA1D161C3D7}.Release|Any CPU.ActiveCfg = Release|Any CPU
		{DB8C0A8E-BE72-46D7-BEAC-FAA1D161C3D7}.Release|Any CPU.Build.0 = Release|Any CPU
		{B1019A5A-C8F6-4C9A-8A1D-7B3080FA8DB5}.Debug|Any CPU.ActiveCfg = Debug|Any CPU
		{B1019A5A-C8F6-4C9A-8A1D-7B3080FA8DB5}.Debug|Any CPU.Build.0 = Debug|Any CPU
		{B1019A5A-C8F6-4C9A-8A1D-7B3080FA8DB5}.Release|Any CPU.ActiveCfg = Release|Any CPU
		{B1019A5A-C8F6-4C9A-8A1D-7B3080FA8DB5}.Release|Any CPU.Build.0 = Release|Any CPU
		{E4332B7C-7CD4-4F53-9B5B-6301EEC56ECC}.Debug|Any CPU.ActiveCfg = Debug|Any CPU
		{E4332B7C-7CD4-4F53-9B5B-6301EEC56ECC}.Debug|Any CPU.Build.0 = Debug|Any CPU
		{E4332B7C-7CD4-4F53-9B5B-6301EEC56ECC}.Release|Any CPU.ActiveCfg = Release|Any CPU
		{E4332B7C-7CD4-4F53-9B5B-6301EEC56ECC}.Release|Any CPU.Build.0 = Release|Any CPU
		{722089B7-A8C1-43E5-B62F-EEA635DFA6C7}.Debug|Any CPU.ActiveCfg = Debug|Any CPU
		{722089B7-A8C1-43E5-B62F-EEA635DFA6C7}.Debug|Any CPU.Build.0 = Debug|Any CPU
		{722089B7-A8C1-43E5-B62F-EEA635DFA6C7}.Release|Any CPU.ActiveCfg = Release|Any CPU
		{722089B7-A8C1-43E5-B62F-EEA635DFA6C7}.Release|Any CPU.Build.0 = Release|Any CPU
		{5E9810E0-D5D9-4311-B5CB-C1850A9AB9FE}.Debug|Any CPU.ActiveCfg = Debug|Any CPU
		{5E9810E0-D5D9-4311-B5CB-C1850A9AB9FE}.Debug|Any CPU.Build.0 = Debug|Any CPU
		{5E9810E0-D5D9-4311-B5CB-C1850A9AB9FE}.Release|Any CPU.ActiveCfg = Release|Any CPU
		{5E9810E0-D5D9-4311-B5CB-C1850A9AB9FE}.Release|Any CPU.Build.0 = Release|Any CPU
		{3B6BF5AE-33D0-4B87-B886-527D93F543E2}.Debug|Any CPU.ActiveCfg = Debug|Any CPU
		{3B6BF5AE-33D0-4B87-B886-527D93F543E2}.Debug|Any CPU.Build.0 = Debug|Any CPU
		{3B6BF5AE-33D0-4B87-B886-527D93F543E2}.Release|Any CPU.ActiveCfg = Release|Any CPU
		{3B6BF5AE-33D0-4B87-B886-527D93F543E2}.Release|Any CPU.Build.0 = Release|Any CPU
		{66EE04CC-E4BB-4545-B1C6-0820F57FE53F}.Debug|Any CPU.ActiveCfg = Debug|Any CPU
		{66EE04CC-E4BB-4545-B1C6-0820F57FE53F}.Debug|Any CPU.Build.0 = Debug|Any CPU
		{66EE04CC-E4BB-4545-B1C6-0820F57FE53F}.Release|Any CPU.ActiveCfg = Release|Any CPU
		{66EE04CC-E4BB-4545-B1C6-0820F57FE53F}.Release|Any CPU.Build.0 = Release|Any CPU
		{616148AB-67F3-4C05-B3BB-BDFE70DB5E02}.Debug|Any CPU.ActiveCfg = Debug|Any CPU
		{616148AB-67F3-4C05-B3BB-BDFE70DB5E02}.Debug|Any CPU.Build.0 = Debug|Any CPU
		{616148AB-67F3-4C05-B3BB-BDFE70DB5E02}.Release|Any CPU.ActiveCfg = Release|Any CPU
		{616148AB-67F3-4C05-B3BB-BDFE70DB5E02}.Release|Any CPU.Build.0 = Release|Any CPU
		{EDE0CE49-0E96-4778-A538-D74A9489B4BE}.Debug|Any CPU.ActiveCfg = Debug|Any CPU
		{EDE0CE49-0E96-4778-A538-D74A9489B4BE}.Debug|Any CPU.Build.0 = Debug|Any CPU
		{EDE0CE49-0E96-4778-A538-D74A9489B4BE}.Release|Any CPU.ActiveCfg = Release|Any CPU
		{EDE0CE49-0E96-4778-A538-D74A9489B4BE}.Release|Any CPU.Build.0 = Release|Any CPU
		{CBB25FB4-F2BD-409B-80E1-274098548507}.Debug|Any CPU.ActiveCfg = Debug|Any CPU
		{CBB25FB4-F2BD-409B-80E1-274098548507}.Debug|Any CPU.Build.0 = Debug|Any CPU
		{CBB25FB4-F2BD-409B-80E1-274098548507}.Release|Any CPU.ActiveCfg = Release|Any CPU
		{CBB25FB4-F2BD-409B-80E1-274098548507}.Release|Any CPU.Build.0 = Release|Any CPU
		{9A390D93-9B3E-407A-A18B-1EC037C96D44}.Debug|Any CPU.ActiveCfg = Debug|Any CPU
		{9A390D93-9B3E-407A-A18B-1EC037C96D44}.Debug|Any CPU.Build.0 = Debug|Any CPU
		{9A390D93-9B3E-407A-A18B-1EC037C96D44}.Release|Any CPU.ActiveCfg = Release|Any CPU
		{9A390D93-9B3E-407A-A18B-1EC037C96D44}.Release|Any CPU.Build.0 = Release|Any CPU
	EndGlobalSection
	GlobalSection(SolutionProperties) = preSolution
		HideSolutionNode = FALSE
	EndGlobalSection
	GlobalSection(NestedProjects) = preSolution
		{0353E5F6-9249-4FE0-81A2-1042EAF727BA} = {393169D7-2625-45C6-BDEC-DA82DBD4648A}
		{BD4A9448-B370-47B3-BD48-F9B3776BC4D4} = {393169D7-2625-45C6-BDEC-DA82DBD4648A}
		{DB8C0A8E-BE72-46D7-BEAC-FAA1D161C3D7} = {393169D7-2625-45C6-BDEC-DA82DBD4648A}
		{B1019A5A-C8F6-4C9A-8A1D-7B3080FA8DB5} = {393169D7-2625-45C6-BDEC-DA82DBD4648A}
		{E4332B7C-7CD4-4F53-9B5B-6301EEC56ECC} = {00FCFC0E-3E2E-4D39-B1A0-B07B0CA16F6B}
		{722089B7-A8C1-43E5-B62F-EEA635DFA6C7} = {393169D7-2625-45C6-BDEC-DA82DBD4648A}
		{5E9810E0-D5D9-4311-B5CB-C1850A9AB9FE} = {393169D7-2625-45C6-BDEC-DA82DBD4648A}
		{3B6BF5AE-33D0-4B87-B886-527D93F543E2} = {B4C3AB75-32E5-4E2D-89BB-2D35526C21E5}
		{66EE04CC-E4BB-4545-B1C6-0820F57FE53F} = {B4C3AB75-32E5-4E2D-89BB-2D35526C21E5}
		{00FCFC0E-3E2E-4D39-B1A0-B07B0CA16F6B} = {273F8198-E5A5-4EA7-B219-B67EF5FF29AF}
		{393169D7-2625-45C6-BDEC-DA82DBD4648A} = {273F8198-E5A5-4EA7-B219-B67EF5FF29AF}
		{616148AB-67F3-4C05-B3BB-BDFE70DB5E02} = {00FCFC0E-3E2E-4D39-B1A0-B07B0CA16F6B}
		{EDE0CE49-0E96-4778-A538-D74A9489B4BE} = {393169D7-2625-45C6-BDEC-DA82DBD4648A}
		{CBB25FB4-F2BD-409B-80E1-274098548507} = {B4C3AB75-32E5-4E2D-89BB-2D35526C21E5}
		{9A390D93-9B3E-407A-A18B-1EC037C96D44} = {B4C3AB75-32E5-4E2D-89BB-2D35526C21E5}
	EndGlobalSection
	GlobalSection(ExtensibilityGlobals) = postSolution
		SolutionGuid = {1265C314-F8BC-423C-81A0-3FC6E07379AF}
	EndGlobalSection
EndGlobal
